Microsoft Visual Studio Solution File, Format Version 12.00
# Visual Studio Version 17
VisualStudioVersion = 17.5.2.0
MinimumVisualStudioVersion = 10.0.40219.1
Project("{FAE04EC0-301F-11D3-BF4B-00C04F79EFBC}") = "diodotnetestacionamento", "diodotnetestacionamento.csproj", "{1075C85F-327C-712B-494F-3A0FB70CBEBF}"
EndProject
Global
	GlobalSection(SolutionConfigurationPlatforms) = preSolution
		Debug|Any CPU = Debug|Any CPU
		Release|Any CPU = Release|Any CPU
	EndGlobalSection
	GlobalSection(ProjectConfigurationPlatforms) = postSolution
		{1075C85F-327C-712B-494F-3A0FB70CBEBF}.Debug|Any CPU.ActiveCfg = Debug|Any CPU
		{1075C85F-327C-712B-494F-3A0FB70CBEBF}.Debug|Any CPU.Build.0 = Debug|Any CPU
		{1075C85F-327C-712B-494F-3A0FB70CBEBF}.Release|Any CPU.ActiveCfg = Release|Any CPU
		{1075C85F-327C-712B-494F-3A0FB70CBEBF}.Release|Any CPU.Build.0 = Release|Any CPU
	EndGlobalSection
	GlobalSection(SolutionProperties) = preSolution
		HideSolutionNode = FALSE
	EndGlobalSection
	GlobalSection(ExtensibilityGlobals) = postSolution
		SolutionGuid = {57A68DBA-53AB-4AEF-BF15-AA791C9492EC}
	EndGlobalSection
EndGlobal
